# This file was autogenerated by Stack.
# You should not edit this file by hand.
# For more information, please see the documentation at:
#   https://docs.haskellstack.org/en/stable/lock_files

packages:
- completed:
    hackage: numerals-0.4.1@sha256:f138b4a0efbde3b3c6cbccb788eff683cb8a5d046f449729712fd174c5ee8a78,11430
    pantry-tree:
      size: 13751
      sha256: c616791b08f1792fd1d4ca03c6d2c773dedb25b24b66454c97864aefd85a5d0a
  original:
    hackage: numerals-0.4.1
snapshots:
- completed:
    size: 535469
    url: https://raw.githubusercontent.com/commercialhaskell/stackage-snapshots/master/lts/9/6.yaml
    sha256: cc57b1bc5337dd8405c5f12a93cd8590f2ca8a9006d24e8a63dc6be7abdd7b6f
  original: lts-9.6
